{
  "nodes": {
    "nixpkgs": {
      "locked": {
        "lastModified": 1693626178,
        "narHash": "sha256-Rpiy6lIOu4zny8tfGuIeN1ji9eSz9nPmm9yBhh/4IOM=",
        "path": "/nix/store/vb9qsnpl4870flhx34lbwmwkdn1f1gxf-source",
        "rev": "bfb7dfec93f3b5d7274db109f2990bc889861caf",
        "type": "path"
      },
      "original": {
        "id": "nixpkgs",
        "type": "indirect"
      }
    },
    "root": {
      "inputs": {
        "nixpkgs": "nixpkgs"
      }
    }
  },
  "root": "root",
  "version": 7
}
